<Solution>
  <!--
    External Broiler components arrive as NuGet packages. This solution lists only
    HtmlBridge projects; eng/pack.ps1 uses it as the shipping-package inventory.
  -->
  <Configurations>
    <BuildType Name="Debug" />
    <BuildType Name="Release" />
    <BuildType Name="Debug-VM" />
    <BuildType Name="Release-VM" />
  </Configurations>
  <Project Path="src/Broiler.HtmlBridge.Core/Broiler.HtmlBridge.Core.csproj" />
  <Project Path="src/Broiler.HtmlBridge.Dom/Broiler.HtmlBridge.Dom.csproj" />
  <Project Path="src/Broiler.HtmlBridge.DomBridgeUtils/Broiler.HtmlBridge.DomBridgeUtils.csproj" />
  <Project Path="src/Broiler.HtmlBridge.Jseal/Broiler.HtmlBridge.Jseal.csproj" />
  <Project Path="src/Broiler.HtmlBridge.Jseal.BroilerJs/Broiler.HtmlBridge.Jseal.BroilerJs.csproj" />
  <Project Path="src/Broiler.HtmlBridge.Jseal.Vm/Broiler.HtmlBridge.Jseal.Vm.csproj" />
  <Project Path="src/Broiler.HtmlBridge.Scripting/Broiler.HtmlBridge.Scripting.csproj" />
  <Project Path="src/Broiler.HtmlBridge.Scripting.Vm/Broiler.HtmlBridge.Scripting.Vm.csproj" />
  <Project Path="tests/Broiler.HtmlBridge.Tests/Broiler.HtmlBridge.Tests.csproj" />
</Solution>
